{
  "name": "Portfolio",
  "lockfileVersion": 2,
  "requires": true,
  "packages": {
    "": {
      "dependencies": {
        "jquery-bez": "^1.0.11"
      }
    },
    "node_modules/jquery-bez": {
      "version": "1.0.11",
      "resolved": "https://registry.npmjs.org/jquery-bez/-/jquery-bez-1.0.11.tgz",
      "integrity": "sha512-UPvUc7qotyLUzJIOk6g5ftxB4NP7zWv6dv8EN86lfXZsQs6GQUNDbFV34DhuLCJsgnF+dUybofs9qLufk5QO5A=="
    }
  },
  "dependencies": {
    "jquery-bez": {
      "version": "1.0.11",
      "resolved": "https://registry.npmjs.org/jquery-bez/-/jquery-bez-1.0.11.tgz",
      "integrity": "sha512-UPvUc7qotyLUzJIOk6g5ftxB4NP7zWv6dv8EN86lfXZsQs6GQUNDbFV34DhuLCJsgnF+dUybofs9qLufk5QO5A=="
    }
  }
}
